{
  "dependencies": {
    "acorn": {
      "version": "4.0.13",
      "resolved": "https://registry.npmjs.org/acorn/-/acorn-4.0.13.tgz",
      "from": "acorn@>=4.0.3 <5.0.0"
    },
    "amdefine": {
      "version": "1.0.1",
      "resolved": "https://registry.npmjs.org/amdefine/-/amdefine-1.0.1.tgz",
      "from": "amdefine@>=0.0.4"
    },
    "asap": {
      "version": "2.0.5",
      "resolved": "https://registry.npmjs.org/asap/-/asap-2.0.5.tgz",
      "from": "asap@>=2.0.3 <2.1.0"
    },
    "ast-types": {
      "version": "0.9.6",
      "resolved": "https://registry.npmjs.org/ast-types/-/ast-types-0.9.6.tgz",
      "from": "ast-types@0.9.6"
    },
    "babel-runtime": {
      "version": "6.23.0",
      "resolved": "https://registry.npmjs.org/babel-runtime/-/babel-runtime-6.23.0.tgz",
      "from": "babel-runtime@>=6.0.0 <7.0.0",
      "dependencies": {
        "core-js": {
          "version": "2.4.1",
          "resolved": "https://registry.npmjs.org/core-js/-/core-js-2.4.1.tgz",
          "from": "core-js@>=2.4.0 <3.0.0"
        }
      }
    },
    "balanced-match": {
      "version": "0.4.2",
      "resolved": "https://registry.npmjs.org/balanced-match/-/balanced-match-0.4.2.tgz",
      "from": "balanced-match@>=0.4.1 <0.5.0"
    },
    "base62": {
      "version": "1.2.0",
      "resolved": "https://registry.npmjs.org/base62/-/base62-1.2.0.tgz",
      "from": "base62@>=1.1.0 <2.0.0"
    },
    "brace-expansion": {
      "version": "1.1.7",
      "resolved": "https://registry.npmjs.org/brace-expansion/-/brace-expansion-1.1.7.tgz",
      "from": "brace-expansion@>=1.1.7 <2.0.0"
    },
    "commander": {
      "version": "2.9.0",
      "resolved": "https://registry.npmjs.org/commander/-/commander-2.9.0.tgz",
      "from": "commander@>=2.5.0 <3.0.0"
    },
    "commoner": {
      "version": "0.10.8",
      "resolved": "https://registry.npmjs.org/commoner/-/commoner-0.10.8.tgz",
      "from": "commoner@>=0.10.1 <0.11.0"
    },
    "concat-map": {
      "version": "0.0.1",
      "resolved": "https://registry.npmjs.org/concat-map/-/concat-map-0.0.1.tgz",
      "from": "concat-map@0.0.1"
    },
    "core-js": {
      "version": "1.2.7",
      "resolved": "https://registry.npmjs.org/core-js/-/core-js-1.2.7.tgz",
      "from": "core-js@>=1.0.0 <2.0.0"
    },
    "create-react-class": {
      "version": "15.5.3",
      "resolved": "https://registry.npmjs.org/create-react-class/-/create-react-class-15.5.3.tgz",
      "from": "create-react-class@15.5.3"
    },
    "defined": {
      "version": "1.0.0",
      "resolved": "https://registry.npmjs.org/defined/-/defined-1.0.0.tgz",
      "from": "defined@>=1.0.0 <2.0.0"
    },
    "detective": {
      "version": "4.5.0",
      "resolved": "https://registry.npmjs.org/detective/-/detective-4.5.0.tgz",
      "from": "detective@>=4.3.1 <5.0.0"
    },
    "domready": {
      "version": "1.0.8",
      "resolved": "https://registry.npmjs.org/domready/-/domready-1.0.8.tgz",
      "from": "domready@>=1.0.0 <2.0.0"
    },
    "encoding": {
      "version": "0.1.12",
      "resolved": "https://registry.npmjs.org/encoding/-/encoding-0.1.12.tgz",
      "from": "encoding@>=0.1.11 <0.2.0"
    },
    "envify": {
      "version": "3.4.1",
      "resolved": "https://registry.npmjs.org/envify/-/envify-3.4.1.tgz",
      "from": "envify@>=3.0.0 <4.0.0"
    },
    "esprima-fb": {
      "version": "15001.1.0-dev-harmony-fb",
      "resolved": "https://registry.npmjs.org/esprima-fb/-/esprima-fb-15001.1.0-dev-harmony-fb.tgz",
      "from": "esprima-fb@>=15001.1.0-dev-harmony-fb <15002.0.0"
    },
    "fbjs": {
      "version": "0.8.12",
      "resolved": "https://registry.npmjs.org/fbjs/-/fbjs-0.8.12.tgz",
      "from": "fbjs@>=0.8.9 <0.9.0"
    },
    "fs": {
      "version": "0.0.1-security",
      "resolved": "https://registry.npmjs.org/fs/-/fs-0.0.1-security.tgz",
      "from": "fs@0.0.1-security"
    },
    "glob": {
      "version": "5.0.15",
      "resolved": "https://registry.npmjs.org/glob/-/glob-5.0.15.tgz",
      "from": "glob@>=5.0.15 <6.0.0"
    },
    "graceful-fs": {
      "version": "4.1.11",
      "resolved": "https://registry.npmjs.org/graceful-fs/-/graceful-fs-4.1.11.tgz",
      "from": "graceful-fs@>=4.1.2 <5.0.0"
    },
    "graceful-readlink": {
      "version": "1.0.1",
      "resolved": "https://registry.npmjs.org/graceful-readlink/-/graceful-readlink-1.0.1.tgz",
      "from": "graceful-readlink@>=1.0.0"
    },
    "iconv-lite": {
      "version": "0.4.17",
      "resolved": "https://registry.npmjs.org/iconv-lite/-/iconv-lite-0.4.17.tgz",
      "from": "iconv-lite@>=0.4.13 <0.5.0"
    },
    "inflight": {
      "version": "1.0.6",
      "resolved": "https://registry.npmjs.org/inflight/-/inflight-1.0.6.tgz",
      "from": "inflight@>=1.0.4 <2.0.0"
    },
    "inherits": {
      "version": "2.0.3",
      "resolved": "https://registry.npmjs.org/inherits/-/inherits-2.0.3.tgz",
      "from": "inherits@>=2.0.0 <3.0.0"
    },
    "is-stream": {
      "version": "1.1.0",
      "resolved": "https://registry.npmjs.org/is-stream/-/is-stream-1.1.0.tgz",
      "from": "is-stream@>=1.0.1 <2.0.0"
    },
    "isomorphic-fetch": {
      "version": "2.2.1",
      "resolved": "https://registry.npmjs.org/isomorphic-fetch/-/isomorphic-fetch-2.2.1.tgz",
      "from": "isomorphic-fetch@>=2.1.1 <3.0.0"
    },
    "js-tokens": {
      "version": "3.0.1",
      "resolved": "https://registry.npmjs.org/js-tokens/-/js-tokens-3.0.1.tgz",
      "from": "js-tokens@>=3.0.0 <4.0.0"
    },
    "jstransform": {
      "version": "11.0.3",
      "resolved": "https://registry.npmjs.org/jstransform/-/jstransform-11.0.3.tgz",
      "from": "jstransform@>=11.0.3 <12.0.0",
      "dependencies": {
        "object-assign": {
          "version": "2.1.1",
          "resolved": "https://registry.npmjs.org/object-assign/-/object-assign-2.1.1.tgz",
          "from": "object-assign@>=2.0.0 <3.0.0"
        }
      }
    },
    "loose-envify": {
      "version": "1.3.1",
      "resolved": "https://registry.npmjs.org/loose-envify/-/loose-envify-1.3.1.tgz",
      "from": "loose-envify@>=1.3.1 <2.0.0"
    },
    "minimatch": {
      "version": "3.0.4",
      "resolved": "https://registry.npmjs.org/minimatch/-/minimatch-3.0.4.tgz",
      "from": "minimatch@>=2.0.0 <3.0.0||>=3.0.0 <4.0.0"
    },
    "minimist": {
      "version": "0.0.8",
      "resolved": "https://registry.npmjs.org/minimist/-/minimist-0.0.8.tgz",
      "from": "minimist@0.0.8"
    },
    "mkdirp": {
      "version": "0.5.1",
      "resolved": "https://registry.npmjs.org/mkdirp/-/mkdirp-0.5.1.tgz",
      "from": "mkdirp@>=0.5.0 <0.6.0"
    },
    "node-fetch": {
      "version": "1.7.1",
      "resolved": "https://registry.npmjs.org/node-fetch/-/node-fetch-1.7.1.tgz",
      "from": "node-fetch@>=1.0.1 <2.0.0"
    },
    "object-assign": {
      "version": "4.1.1",
      "resolved": "https://registry.npmjs.org/object-assign/-/object-assign-4.1.1.tgz",
      "from": "object-assign@>=4.1.1 <5.0.0"
    },
    "once": {
      "version": "1.4.0",
      "resolved": "https://registry.npmjs.org/once/-/once-1.4.0.tgz",
      "from": "once@>=1.3.0 <2.0.0"
    },
    "path-is-absolute": {
      "version": "1.0.1",
      "resolved": "https://registry.npmjs.org/path-is-absolute/-/path-is-absolute-1.0.1.tgz",
      "from": "path-is-absolute@>=1.0.0 <2.0.0"
    },
    "private": {
      "version": "0.1.7",
      "resolved": "https://registry.npmjs.org/private/-/private-0.1.7.tgz",
      "from": "private@>=0.1.6 <0.2.0"
    },
    "promise": {
      "version": "7.1.1",
      "resolved": "https://registry.npmjs.org/promise/-/promise-7.1.1.tgz",
      "from": "promise@>=7.1.1 <8.0.0"
    },
    "prop-types": {
      "version": "15.5.10",
      "resolved": "https://registry.npmjs.org/prop-types/-/prop-types-15.5.10.tgz",
      "from": "prop-types@>=15.5.7 <15.6.0"
    },
    "q": {
      "version": "1.5.0",
      "resolved": "https://registry.npmjs.org/q/-/q-1.5.0.tgz",
      "from": "q@>=1.1.2 <2.0.0"
    },
    "react": {
      "version": "0.14.6",
      "resolved": "https://registry.npmjs.org/react/-/react-0.14.6.tgz",
      "from": "react@0.14.6",
      "dependencies": {
        "fbjs": {
          "version": "0.6.1",
          "resolved": "https://registry.npmjs.org/fbjs/-/fbjs-0.6.1.tgz",
          "from": "fbjs@>=0.6.1 <0.7.0"
        },
        "whatwg-fetch": {
          "version": "0.9.0",
          "resolved": "https://registry.npmjs.org/whatwg-fetch/-/whatwg-fetch-0.9.0.tgz",
          "from": "whatwg-fetch@>=0.9.0 <0.10.0"
        }
      }
    },
    "react-addons-create-fragment": {
      "version": "15.5.4",
      "resolved": "https://registry.npmjs.org/react-addons-create-fragment/-/react-addons-create-fragment-15.5.4.tgz",
      "from": "react-addons-create-fragment@15.5.4"
    },
    "react-addons-css-transition-group": {
      "version": "15.5.2",
      "resolved": "https://registry.npmjs.org/react-addons-css-transition-group/-/react-addons-css-transition-group-15.5.2.tgz",
      "from": "react-addons-css-transition-group@15.5.2"
    },
    "react-addons-linked-state-mixin": {
      "version": "15.5.2",
      "resolved": "https://registry.npmjs.org/react-addons-linked-state-mixin/-/react-addons-linked-state-mixin-15.5.2.tgz",
      "from": "react-addons-linked-state-mixin@15.5.2"
    },
    "react-addons-perf": {
      "version": "15.4.2",
      "resolved": "https://registry.npmjs.org/react-addons-perf/-/react-addons-perf-15.4.2.tgz",
      "from": "react-addons-perf@15.4.2"
    },
    "react-addons-test-utils": {
      "version": "15.5.1",
      "resolved": "https://registry.npmjs.org/react-addons-test-utils/-/react-addons-test-utils-15.5.1.tgz",
      "from": "react-addons-test-utils@15.5.1"
    },
    "react-addons-transition-group": {
      "version": "15.5.2",
      "resolved": "https://registry.npmjs.org/react-addons-transition-group/-/react-addons-transition-group-15.5.2.tgz",
      "from": "react-addons-transition-group@15.5.2"
    },
    "react-addons-update": {
      "version": "15.5.2",
      "resolved": "https://registry.npmjs.org/react-addons-update/-/react-addons-update-15.5.2.tgz",
      "from": "react-addons-update@15.5.2"
    },
    "react-dom": {
      "version": "15.5.4",
      "resolved": "https://registry.npmjs.org/react-dom/-/react-dom-15.5.4.tgz",
      "from": "react-dom@15.5.4"
    },
    "react-mounter": {
      "version": "1.2.0",
      "resolved": "https://registry.npmjs.org/react-mounter/-/react-mounter-1.2.0.tgz",
      "from": "react-mounter@1.2.0"
    },
    "recast": {
      "version": "0.11.23",
      "resolved": "https://registry.npmjs.org/recast/-/recast-0.11.23.tgz",
      "from": "recast@>=0.11.17 <0.12.0",
      "dependencies": {
        "esprima": {
          "version": "3.1.3",
          "resolved": "https://registry.npmjs.org/esprima/-/esprima-3.1.3.tgz",
          "from": "esprima@>=3.1.0 <3.2.0"
        },
        "source-map": {
          "version": "0.5.6",
          "resolved": "https://registry.npmjs.org/source-map/-/source-map-0.5.6.tgz",
          "from": "source-map@>=0.5.0 <0.6.0"
        }
      }
    },
    "regenerator-runtime": {
      "version": "0.10.5",
      "resolved": "https://registry.npmjs.org/regenerator-runtime/-/regenerator-runtime-0.10.5.tgz",
      "from": "regenerator-runtime@>=0.10.0 <0.11.0"
    },
    "setimmediate": {
      "version": "1.0.5",
      "resolved": "https://registry.npmjs.org/setimmediate/-/setimmediate-1.0.5.tgz",
      "from": "setimmediate@>=1.0.5 <2.0.0"
    },
    "source-map": {
      "version": "0.4.4",
      "resolved": "https://registry.npmjs.org/source-map/-/source-map-0.4.4.tgz",
      "from": "source-map@>=0.4.2 <0.5.0"
    },
    "through": {
      "version": "2.3.8",
      "resolved": "https://registry.npmjs.org/through/-/through-2.3.8.tgz",
      "from": "through@>=2.3.4 <2.4.0"
    },
    "ua-parser-js": {
      "version": "0.7.12",
      "resolved": "https://registry.npmjs.org/ua-parser-js/-/ua-parser-js-0.7.12.tgz",
      "from": "ua-parser-js@>=0.7.9 <0.8.0"
    },
    "whatwg-fetch": {
      "version": "2.0.3",
      "resolved": "https://registry.npmjs.org/whatwg-fetch/-/whatwg-fetch-2.0.3.tgz",
      "from": "whatwg-fetch@>=0.10.0"
    },
    "wrappy": {
      "version": "1.0.2",
      "resolved": "https://registry.npmjs.org/wrappy/-/wrappy-1.0.2.tgz",
      "from": "wrappy@>=1.0.0 <2.0.0"
    }
  }
}
